
Microsoft Visual Studio Solution File, Format Version 12.00
# Visual Studio Version 16
VisualStudioVersion = 16.0.31205.134
MinimumVisualStudioVersion = 10.0.40219.1
Project("{FAE04EC0-301F-11D3-BF4B-00C04F79EFBC}") = "Menus", "Menus\Menus.csproj", "{C3FC3738-BA83-4546-8C7F-19D7736A5C92}"
EndProject
Global
	GlobalSection(SolutionConfigurationPlatforms) = preSolution
		Debug|Any CPU = Debug|Any CPU
		Release|Any CPU = Release|Any CPU
	EndGlobalSection
	GlobalSection(ProjectConfigurationPlatforms) = postSolution
		{C3FC3738-BA83-4546-8C7F-19D7736A5C92}.Debug|Any CPU.ActiveCfg = Debug|Any CPU
		{C3FC3738-BA83-4546-8C7F-19D7736A5C92}.Debug|Any CPU.Build.0 = Debug|Any CPU
		{C3FC3738-BA83-4546-8C7F-19D7736A5C92}.Release|Any CPU.ActiveCfg = Release|Any CPU
		{C3FC3738-BA83-4546-8C7F-19D7736A5C92}.Release|Any CPU.Build.0 = Release|Any CPU
	EndGlobalSection
	GlobalSection(SolutionProperties) = preSolution
		HideSolutionNode = FALSE
	EndGlobalSection
	GlobalSection(ExtensibilityGlobals) = postSolution
		SolutionGuid = {70EB538B-E5A9-4651-95A2-7298B4B60AD4}
	EndGlobalSection
EndGlobal
